// !$*UTF8*$!
{
	archiveVersion = 1;
	classes = {
	};
	objectVersion = 50;
	objects = {

/* Begin PBXBuildFile section */
		6B1D065921291039005B0B37 /* DistanceViewController.swift in Sources */ = {isa = PBXBuildFile; fileRef = 6B1D065821291039005B0B37 /* DistanceViewController.swift */; };
		6B1D065B21291131005B0B37 /* SpeedViewController.swift in Sources */ = {isa = PBXBuildFile; fileRef = 6B1D065A21291131005B0B37 /* SpeedViewController.swift */; };
		6B9CB9832127EB080067FE2B /* AppDelegate.swift in Sources */ = {isa = PBXBuildFile; fileRef = 6B9CB9822127EB080067FE2B /* AppDelegate.swift */; };
		6B9CB9852127EB080067FE2B /* WeightViewController.swift in Sources */ = {isa = PBXBuildFile; fileRef = 6B9CB9842127EB080067FE2B /* WeightViewController.swift */; };
		6B9CB9872127EB080067FE2B /* TemperatureViewController.swift in Sources */ = {isa = PBXBuildFile; fileRef = 6B9CB9862127EB080067FE2B /* TemperatureViewController.swift */; };
		6B9CB98A2127EB080067FE2B /* Main.storyboard in Resources */ = {isa = PBXBuildFile; fileRef = 6B9CB9882127EB080067FE2B /* Main.storyboard */; };
		6B9CB98C2127EB1D0067FE2B /* Assets.xcassets in Resources */ = {isa = PBXBuildFile; fileRef = 6B9CB98B2127EB1D0067FE2B /* Assets.xcassets */; };
		6B9CB98F2127EB1D0067FE2B /* LaunchScreen.storyboard in Resources */ = {isa = PBXBuildFile; fileRef = 6B9CB98D2127EB1D0067FE2B /* LaunchScreen.storyboard */; };
		6B9CB99A2127EB1D0067FE2B /* unitConverterTests.swift in Sources */ = {isa = PBXBuildFile; fileRef = 6B9CB9992127EB1D0067FE2B /* unitConverterTests.swift */; };
		6B9CB9A52127EB1D0067FE2B /* unitConverterUITests.swift in Sources */ = {isa = PBXBuildFile; fileRef = 6B9CB9A42127EB1D0067FE2B /* unitConverterUITests.swift */; };
/* End PBXBuildFile section */

/* Begin PBXContainerItemProxy section */
		6B9CB9962127EB1D0067FE2B /* PBXContainerItemProxy */ = {
			isa = PBXContainerItemProxy;
			containerPortal = 6B9CB9772127EB070067FE2B /* Project object */;
			proxyType = 1;
			remoteGlobalIDString = 6B9CB97E2127EB080067FE2B;
			remoteInfo = unitConverter;
		};
		6B9CB9A12127EB1D0067FE2B /* PBXContainerItemProxy */ = {
			isa = PBXContainerItemProxy;
			containerPortal = 6B9CB9772127EB070067FE2B /* Project object */;
			proxyType = 1;
			remoteGlobalIDString = 6B9CB97E2127EB080067FE2B;
			remoteInfo = unitConverter;
		};
/* End PBXContainerItemProxy section */

/* Begin PBXFileReference section */
		6B1D065821291039005B0B37 /* DistanceViewController.swift */ = {isa = PBXFileReference; lastKnownFileType = sourcecode.swift; path = DistanceViewController.swift; sourceTree = "<group>"; };
		6B1D065A21291131005B0B37 /* SpeedViewController.swift */ = {isa = PBXFileReference; lastKnownFileType = sourcecode.swift; path = SpeedViewController.swift; sourceTree = "<group>"; };
		6B9CB97F2127EB080067FE2B /* unitConverter.app */ = {isa = PBXFileReference; explicitFileType = wrapper.application; includeInIndex = 0; path = unitConverter.app; sourceTree = BUILT_PRODUCTS_DIR; };
		6B9CB9822127EB080067FE2B /* AppDelegate.swift */ = {isa = PBXFileReference; lastKnownFileType = sourcecode.swift; path = AppDelegate.swift; sourceTree = "<group>"; };
		6B9CB9842127EB080067FE2B /* WeightViewController.swift */ = {isa = PBXFileReference; lastKnownFileType = sourcecode.swift; path = WeightViewController.swift; sourceTree = "<group>"; };
		6B9CB9862127EB080067FE2B /* TemperatureViewController.swift */ = {isa = PBXFileReference; lastKnownFileType = sourcecode.swift; path = TemperatureViewController.swift; sourceTree = "<group>"; };
		6B9CB9892127EB080067FE2B /* Base */ = {isa = PBXFileReference; lastKnownFileType = file.storyboard; name = Base; path = Base.lproj/Main.storyboard; sourceTree = "<group>"; };
		6B9CB98B2127EB1D0067FE2B /* Assets.xcassets */ = {isa = PBXFileReference; lastKnownFileType = folder.assetcatalog; path = Assets.xcassets; sourceTree = "<group>"; };
		6B9CB98E2127EB1D0067FE2B /* Base */ = {isa = PBXFileReference; lastKnownFileType = file.storyboard; name = Base; path = Base.lproj/LaunchScreen.storyboard; sourceTree = "<group>"; };
		6B9CB9902127EB1D0067FE2B /* Info.plist */ = {isa = PBXFileReference; lastKnownFileType = text.plist.xml; path = Info.plist; sourceTree = "<group>"; };
		6B9CB9952127EB1D0067FE2B /* unitConverterTests.xctest */ = {isa = PBXFileReference; explicitFileType = wrapper.cfbundle; includeInIndex = 0; path = unitConverterTests.xctest; sourceTree = BUILT_PRODUCTS_DIR; };
		6B9CB9992127EB1D0067FE2B /* unitConverterTests.swift */ = {isa = PBXFileReference; lastKnownFileType = sourcecode.swift; path = unitConverterTests.swift; sourceTree = "<group>"; };
		6B9CB99B2127EB1D0067FE2B /* Info.plist */ = {isa = PBXFileReference; lastKnownFileType = text.plist.xml; path = Info.plist; sourceTree = "<group>"; };
		6B9CB9A02127EB1D0067FE2B /* unitConverterUITests.xctest */ = {isa = PBXFileReference; explicitFileType = wrapper.cfbundle; includeInIndex = 0; path = unitConverterUITests.xctest; sourceTree = BUILT_PRODUCTS_DIR; };
		6B9CB9A42127EB1D0067FE2B /* unitConverterUITests.swift */ = {isa = PBXFileReference; lastKnownFileType = sourcecode.swift; path = unitConverterUITests.swift; sourceTree = "<group>"; };
		6B9CB9A62127EB1D0067FE2B /* Info.plist */ = {isa = PBXFileReference; lastKnownFileType = text.plist.xml; path = Info.plist; sourceTree = "<group>"; };
/* End PBXFileReference section */

/* Begin PBXFrameworksBuildPhase section */
		6B9CB97C2127EB080067FE2B /* Frameworks */ = {
			isa = PBXFrameworksBuildPhase;
			buildActionMask = 2147483647;
			files = (
			);
			runOnlyForDeploymentPostprocessing = 0;
		};
		6B9CB9922127EB1D0067FE2B /* Frameworks */ = {
			isa = PBXFrameworksBuildPhase;
			buildActionMask = 2147483647;
			files = (
			);
			runOnlyForDeploymentPostprocessing = 0;
		};
		6B9CB99D2127EB1D0067FE2B /* Frameworks */ = {
			isa = PBXFrameworksBuildPhase;
			buildActionMask = 2147483647;
			files = (
			);
			runOnlyForDeploymentPostprocessing = 0;
		};
/* End PBXFrameworksBuildPhase section */

/* Begin PBXGroup section */
		6B9CB9762127EB070067FE2B = {
			isa = PBXGroup;
			children = (
				6B9CB9812127EB080067FE2B /* unitConverter */,
				6B9CB9982127EB1D0067FE2B /* unitConverterTests */,
				6B9CB9A32127EB1D0067FE2B /* unitConverterUITests */,
				6B9CB9802127EB080067FE2B /* Products */,
			);
			sourceTree = "<group>";
		};
		6B9CB9802127EB080067FE2B /* Products */ = {
			isa = PBXGroup;
			children = (
				6B9CB97F2127EB080067FE2B /* unitConverter.app */,
				6B9CB9952127EB1D0067FE2B /* unitConverterTests.xctest */,
				6B9CB9A02127EB1D0067FE2B /* unitConverterUITests.xctest */,
			);
			name = Products;
			sourceTree = "<group>";
		};
		6B9CB9812127EB080067FE2B /* unitConverter */ = {
			isa = PBXGroup;
			children = (
				6B9CB9822127EB080067FE2B /* AppDelegate.swift */,
				6B9CB9842127EB080067FE2B /* WeightViewController.swift */,
				6B9CB9862127EB080067FE2B /* TemperatureViewController.swift */,
				6B9CB9882127EB080067FE2B /* Main.storyboard */,
				6B9CB98B2127EB1D0067FE2B /* Assets.xcassets */,
				6B9CB98D2127EB1D0067FE2B /* LaunchScreen.storyboard */,
				6B9CB9902127EB1D0067FE2B /* Info.plist */,
				6B1D065821291039005B0B37 /* DistanceViewController.swift */,
				6B1D065A21291131005B0B37 /* SpeedViewController.swift */,
			);
			path = unitConverter;
			sourceTree = "<group>";
		};
		6B9CB9982127EB1D0067FE2B /* unitConverterTests */ = {
			isa = PBXGroup;
			children = (
				6B9CB9992127EB1D0067FE2B /* unitConverterTests.swift */,
				6B9CB99B2127EB1D0067FE2B /* Info.plist */,
			);
			path = unitConverterTests;
			sourceTree = "<group>";
		};
		6B9CB9A32127EB1D0067FE2B /* unitConverterUITests */ = {
			isa = PBXGroup;
			children = (
				6B9CB9A42127EB1D0067FE2B /* unitConverterUITests.swift */,
				6B9CB9A62127EB1D0067FE2B /* Info.plist */,
			);
			path = unitConverterUITests;
			sourceTree = "<group>";
		};
/* End PBXGroup section */

/* Begin PBXNativeTarget section */
		6B9CB97E2127EB080067FE2B /* unitConverter */ = {
			isa = PBXNativeTarget;
			buildConfigurationList = 6B9CB9A92127EB1E0067FE2B /* Build configuration list for PBXNativeTarget "unitConverter" */;
			buildPhases = (
				6B9CB97B2127EB080067FE2B /* Sources */,
				6B9CB97C2127EB080067FE2B /* Frameworks */,
				6B9CB97D2127EB080067FE2B /* Resources */,
			);
			buildRules = (
			);
			dependencies = (
			);
			name = unitConverter;
			productName = unitConverter;
			productReference = 6B9CB97F2127EB080067FE2B /* unitConverter.app */;
			productType = "com.apple.product-type.application";
		};
		6B9CB9942127EB1D0067FE2B /* unitConverterTests */ = {
			isa = PBXNativeTarget;
			buildConfigurationList = 6B9CB9AC2127EB1E0067FE2B /* Build configuration list for PBXNativeTarget "unitConverterTests" */;
			buildPhases = (
				6B9CB9912127EB1D0067FE2B /* Sources */,
				6B9CB9922127EB1D0067FE2B /* Frameworks */,
				6B9CB9932127EB1D0067FE2B /* Resources */,
			);
			buildRules = (
			);
			dependencies = (
				6B9CB9972127EB1D0067FE2B /* PBXTargetDependency */,
			);
			name = unitConverterTests;
			productName = unitConverterTests;
			productReference = 6B9CB9952127EB1D0067FE2B /* unitConverterTests.xctest */;
			productType = "com.apple.product-type.bundle.unit-test";
		};
		6B9CB99F2127EB1D0067FE2B /* unitConverterUITests */ = {
			isa = PBXNativeTarget;
			buildConfigurationList = 6B9CB9AF2127EB1E0067FE2B /* Build configuration list for PBXNativeTarget "unitConverterUITests" */;
			buildPhases = (
				6B9CB99C2127EB1D0067FE2B /* Sources */,
				6B9CB99D2127EB1D0067FE2B /* Frameworks */,
				6B9CB99E2127EB1D0067FE2B /* Resources */,
			);
			buildRules = (
			);
			dependencies = (
				6B9CB9A22127EB1D0067FE2B /* PBXTargetDependency */,
			);
			name = unitConverterUITests;
			productName = unitConverterUITests;
			productReference = 6B9CB9A02127EB1D0067FE2B /* unitConverterUITests.xctest */;
			productType = "com.apple.product-type.bundle.ui-testing";
		};
/* End PBXNativeTarget section */

/* Begin PBXProject section */
		6B9CB9772127EB070067FE2B /* Project object */ = {
			isa = PBXProject;
			attributes = {
				LastSwiftUpdateCheck = 0940;
				LastUpgradeCheck = 0940;
				ORGANIZATIONNAME = "Nadeeka Athukorala";
				TargetAttributes = {
					6B9CB97E2127EB080067FE2B = {
						CreatedOnToolsVersion = 9.4.1;
					};
					6B9CB9942127EB1D0067FE2B = {
						CreatedOnToolsVersion = 9.4.1;
						TestTargetID = 6B9CB97E2127EB080067FE2B;
					};
					6B9CB99F2127EB1D0067FE2B = {
						CreatedOnToolsVersion = 9.4.1;
						TestTargetID = 6B9CB97E2127EB080067FE2B;
					};
				};
			};
			buildConfigurationList = 6B9CB97A2127EB070067FE2B /* Build configuration list for PBXProject "unitConverter" */;
			compatibilityVersion = "Xcode 9.3";
			developmentRegion = en;
			hasScannedForEncodings = 0;
			knownRegions = (
				en,
				Base,
			);
			mainGroup = 6B9CB9762127EB070067FE2B;
			productRefGroup = 6B9CB9802127EB080067FE2B /* Products */;
			projectDirPath = "";
			projectRoot = "";
			targets = (
				6B9CB97E2127EB080067FE2B /* unitConverter */,
				6B9CB9942127EB1D0067FE2B /* unitConverterTests */,
				6B9CB99F2127EB1D0067FE2B /* unitConverterUITests */,
			);
		};
/* End PBXProject section */

/* Begin PBXResourcesBuildPhase section */
		6B9CB97D2127EB080067FE2B /* Resources */ = {
			isa = PBXResourcesBuildPhase;
			buildActionMask = 2147483647;
			files = (
				6B9CB98F2127EB1D0067FE2B /* LaunchScreen.storyboard in Resources */,
				6B9CB98C2127EB1D0067FE2B /* Assets.xcassets in Resources */,
				6B9CB98A2127EB080067FE2B /* Main.storyboard in Resources */,
			);
			runOnlyForDeploymentPostprocessing = 0;
		};
		6B9CB9932127EB1D0067FE2B /* Resources */ = {
			isa = PBXResourcesBuildPhase;
			buildActionMask = 2147483647;
			files = (
			);
			runOnlyForDeploymentPostprocessing = 0;
		};
		6B9CB99E2127EB1D0067FE2B /* Resources */ = {
			isa = PBXResourcesBuildPhase;
			buildActionMask = 2147483647;
			files = (
			);
			runOnlyForDeploymentPostprocessing = 0;
		};
/* End PBXResourcesBuildPhase section */

/* Begin PBXSourcesBuildPhase section */
		6B9CB97B2127EB080067FE2B /* Sources */ = {
			isa = PBXSourcesBuildPhase;
			buildActionMask = 2147483647;
			files = (
				6B9CB9872127EB080067FE2B /* TemperatureViewController.swift in Sources */,
				6B1D065B21291131005B0B37 /* SpeedViewController.swift in Sources */,
				6B1D065921291039005B0B37 /* DistanceViewController.swift in Sources */,
				6B9CB9832127EB080067FE2B /* AppDelegate.swift in Sources */,
				6B9CB9852127EB080067FE2B /* WeightViewController.swift in Sources */,
			);
			runOnlyForDeploymentPostprocessing = 0;
		};
		6B9CB9912127EB1D0067FE2B /* Sources */ = {
			isa = PBXSourcesBuildPhase;
			buildActionMask = 2147483647;
			files = (
				6B9CB99A2127EB1D0067FE2B /* unitConverterTests.swift in Sources */,
			);
			runOnlyForDeploymentPostprocessing = 0;
		};
		6B9CB99C2127EB1D0067FE2B /* Sources */ = {
			isa = PBXSourcesBuildPhase;
			buildActionMask = 2147483647;
			files = (
				6B9CB9A52127EB1D0067FE2B /* unitConverterUITests.swift in Sources */,
			);
			runOnlyForDeploymentPostprocessing = 0;
		};
/* End PBXSourcesBuildPhase section */

/* Begin PBXTargetDependency section */
		6B9CB9972127EB1D0067FE2B /* PBXTargetDependency */ = {
			isa = PBXTargetDependency;
			target = 6B9CB97E2127EB080067FE2B /* unitConverter */;
			targetProxy = 6B9CB9962127EB1D0067FE2B /* PBXContainerItemProxy */;
		};
		6B9CB9A22127EB1D0067FE2B /* PBXTargetDependency */ = {
			isa = PBXTargetDependency;
			target = 6B9CB97E2127EB080067FE2B /* unitConverter */;
			targetProxy = 6B9CB9A12127EB1D0067FE2B /* PBXContainerItemProxy */;
		};
/* End PBXTargetDependency section */

/* Begin PBXVariantGroup section */
		6B9CB9882127EB080067FE2B /* Main.storyboard */ = {
			isa = PBXVariantGroup;
			children = (
				6B9CB9892127EB080067FE2B /* Base */,
			);
			name = Main.storyboard;
			sourceTree = "<group>";
		};
		6B9CB98D2127EB1D0067FE2B /* LaunchScreen.storyboard */ = {
			isa = PBXVariantGroup;
			children = (
				6B9CB98E2127EB1D0067FE2B /* Base */,
			);
			name = LaunchScreen.storyboard;
			sourceTree = "<group>";
		};
/* End PBXVariantGroup section */

/* Begin XCBuildConfiguration section */
		6B9CB9A72127EB1E0067FE2B /* Debug */ = {
			isa = XCBuildConfiguration;
			buildSettings = {
				ALWAYS_SEARCH_USER_PATHS = NO;
				CLANG_ANALYZER_NONNULL = YES;
				CLANG_ANALYZER_NUMBER_OBJECT_CONVERSION = YES_AGGRESSIVE;
				CLANG_CXX_LANGUAGE_STANDARD = "gnu++14";
				CLANG_CXX_LIBRARY = "libc++";
				CLANG_ENABLE_MODULES = YES;
				CLANG_ENABLE_OBJC_ARC = YES;
				CLANG_ENABLE_OBJC_WEAK = YES;
				CLANG_WARN_BLOCK_CAPTURE_AUTORELEASING = YES;
				CLANG_WARN_BOOL_CONVERSION = YES;
				CLANG_WARN_COMMA = YES;
				CLANG_WARN_CONSTANT_CONVERSION = YES;
				CLANG_WARN_DEPRECATED_OBJC_IMPLEMENTATIONS = YES;
				CLANG_WARN_DIRECT_OBJC_ISA_USAGE = YES_ERROR;
				CLANG_WARN_DOCUMENTATION_COMMENTS = YES;
				CLANG_WARN_EMPTY_BODY = YES;
				CLANG_WARN_ENUM_CONVERSION = YES;
				CLANG_WARN_INFINITE_RECURSION = YES;
				CLANG_WARN_INT_CONVERSION = YES;
				CLANG_WARN_NON_LITERAL_NULL_CONVERSION = YES;
				CLANG_WARN_OBJC_IMPLICIT_RETAIN_SELF = YES;
				CLANG_WARN_OBJC_LITERAL_CONVERSION = YES;
				CLANG_WARN_OBJC_ROOT_CLASS = YES_ERROR;
				CLANG_WARN_RANGE_LOOP_ANALYSIS = YES;
				CLANG_WARN_STRICT_PROTOTYPES = YES;
				CLANG_WARN_SUSPICIOUS_MOVE = YES;
				CLANG_WARN_UNGUARDED_AVAILABILITY = YES_AGGRESSIVE;
				CLANG_WARN_UNREACHABLE_CODE = YES;
				CLANG_WARN__DUPLICATE_METHOD_MATCH = YES;
				CODE_SIGN_IDENTITY = "iPhone Developer";
				COPY_PHASE_STRIP = NO;
				DEBUG_INFORMATION_FORMAT = dwarf;
				ENABLE_STRICT_OBJC_MSGSEND = YES;
				ENABLE_TESTABILITY = YES;
				GCC_C_LANGUAGE_STANDARD = gnu11;
				GCC_DYNAMIC_NO_PIC = NO;
				GCC_NO_COMMON_BLOCKS = YES;
				GCC_OPTIMIZATION_LEVEL = 0;
				GCC_PREPROCESSOR_DEFINITIONS = (
					"DEBUG=1",
					"$(inherited)",
				);
				GCC_WARN_64_TO_32_BIT_CONVERSION = YES;
				GCC_WARN_ABOUT_RETURN_TYPE = YES_ERROR;
				GCC_WARN_UNDECLARED_SELECTOR = YES;
				GCC_WARN_UNINITIALIZED_AUTOS = YES_AGGRESSIVE;
				GCC_WARN_UNUSED_FUNCTION = YES;
				GCC_WARN_UNUSED_VARIABLE = YES;
				IPHONEOS_DEPLOYMENT_TARGET = 11.4;
				MTL_ENABLE_DEBUG_INFO = YES;
				ONLY_ACTIVE_ARCH = YES;
				SDKROOT = iphoneos;
				SWIFT_ACTIVE_COMPILATION_CONDITIONS = DEBUG;
				SWIFT_OPTIMIZATION_LEVEL = "-Onone";
			};
			name = Debug;
		};
		6B9CB9A82127EB1E0067FE2B /* Release */ = {
			isa = XCBuildConfiguration;
			buildSettings = {
				ALWAYS_SEARCH_USER_PATHS = NO;
				CLANG_ANALYZER_NONNULL = YES;
				CLANG_ANALYZER_NUMBER_OBJECT_CONVERSION = YES_AGGRESSIVE;
				CLANG_CXX_LANGUAGE_STANDARD = "gnu++14";
				CLANG_CXX_LIBRARY = "libc++";
				CLANG_ENABLE_MODULES = YES;
				CLANG_ENABLE_OBJC_ARC = YES;
				CLANG_ENABLE_OBJC_WEAK = YES;
				CLANG_WARN_BLOCK_CAPTURE_AUTORELEASING = YES;
				CLANG_WARN_BOOL_CONVERSION = YES;
				CLANG_WARN_COMMA = YES;
				CLANG_WARN_CONSTANT_CONVERSION = YES;
				CLANG_WARN_DEPRECATED_OBJC_IMPLEMENTATIONS = YES;
				CLANG_WARN_DIRECT_OBJC_ISA_USAGE = YES_ERROR;
				CLANG_WARN_DOCUMENTATION_COMMENTS = YES;
				CLANG_WARN_EMPTY_BODY = YES;
				CLANG_WARN_ENUM_CONVERSION = YES;
				CLANG_WARN_INFINITE_RECURSION = YES;
				CLANG_WARN_INT_CONVERSION = YES;
				CLANG_WARN_NON_LITERAL_NULL_CONVERSION = YES;
				CLANG_WARN_OBJC_IMPLICIT_RETAIN_SELF = YES;
				CLANG_WARN_OBJC_LITERAL_CONVERSION = YES;
				CLANG_WARN_OBJC_ROOT_CLASS = YES_ERROR;
				CLANG_WARN_RANGE_LOOP_ANALYSIS = YES;
				CLANG_WARN_STRICT_PROTOTYPES = YES;
				CLANG_WARN_SUSPICIOUS_MOVE = YES;
				CLANG_WARN_UNGUARDED_AVAILABILITY = YES_AGGRESSIVE;
				CLANG_WARN_UNREACHABLE_CODE = YES;
				CLANG_WARN__DUPLICATE_METHOD_MATCH = YES;
				CODE_SIGN_IDENTITY = "iPhone Developer";
				COPY_PHASE_STRIP = NO;
				DEBUG_INFORMATION_FORMAT = "dwarf-with-dsym";
				ENABLE_NS_ASSERTIONS = NO;
				ENABLE_STRICT_OBJC_MSGSEND = YES;
				GCC_C_LANGUAGE_STANDARD = gnu11;
				GCC_NO_COMMON_BLOCKS = YES;
				GCC_WARN_64_TO_32_BIT_CONVERSION = YES;
				GCC_WARN_ABOUT_RETURN_TYPE = YES_ERROR;
				GCC_WARN_UNDECLARED_SELECTOR = YES;
				GCC_WARN_UNINITIALIZED_AUTOS = YES_AGGRESSIVE;
				GCC_WARN_UNUSED_FUNCTION = YES;
				GCC_WARN_UNUSED_VARIABLE = YES;
				IPHONEOS_DEPLOYMENT_TARGET = 11.4;
				MTL_ENABLE_DEBUG_INFO = NO;
				SDKROOT = iphoneos;
				SWIFT_COMPILATION_MODE = wholemodule;
				SWIFT_OPTIMIZATION_LEVEL = "-O";
				VALIDATE_PRODUCT = YES;
			};
			name = Release;
		};
		6B9CB9AA2127EB1E0067FE2B /* Debug */ = {
			isa = XCBuildConfiguration;
			buildSettings = {
				ASSETCATALOG_COMPILER_APPICON_NAME = AppIcon;
				CODE_SIGN_STYLE = Automatic;
				INFOPLIST_FILE = unitConverter/Info.plist;
				LD_RUNPATH_SEARCH_PATHS = (
					"$(inherited)",
					"@executable_path/Frameworks",
				);
				PRODUCT_BUNDLE_IDENTIFIER = com.nadeeka.unitConverter;
				PRODUCT_NAME = "$(TARGET_NAME)";
				SWIFT_VERSION = 4.0;
				TARGETED_DEVICE_FAMILY = 1;
			};
			name = Debug;
		};
		6B9CB9AB2127EB1E0067FE2B /* Release */ = {
			isa = XCBuildConfiguration;
			buildSettings = {
				ASSETCATALOG_COMPILER_APPICON_NAME = AppIcon;
				CODE_SIGN_STYLE = Automatic;
				INFOPLIST_FILE = unitConverter/Info.plist;
				LD_RUNPATH_SEARCH_PATHS = (
					"$(inherited)",
					"@executable_path/Frameworks",
				);
				PRODUCT_BUNDLE_IDENTIFIER = com.nadeeka.unitConverter;
				PRODUCT_NAME = "$(TARGET_NAME)";
				SWIFT_VERSION = 4.0;
				TARGETED_DEVICE_FAMILY = 1;
			};
			name = Release;
		};
		6B9CB9AD2127EB1E0067FE2B /* Debug */ = {
			isa = XCBuildConfiguration;
			buildSettings = {
				ALWAYS_EMBED_SWIFT_STANDARD_LIBRARIES = YES;
				BUNDLE_LOADER = "$(TEST_HOST)";
				CODE_SIGN_STYLE = Automatic;
				INFOPLIST_FILE = unitConverterTests/Info.plist;
				LD_RUNPATH_SEARCH_PATHS = (
					"$(inherited)",
					"@executable_path/Frameworks",
					"@loader_path/Frameworks",
				);
				PRODUCT_BUNDLE_IDENTIFIER = com.nadeeka.unitConverterTests;
				PRODUCT_NAME = "$(TARGET_NAME)";
				SWIFT_VERSION = 4.0;
				TARGETED_DEVICE_FAMILY = "1,2";
				TEST_HOST = "$(BUILT_PRODUCTS_DIR)/unitConverter.app/unitConverter";
			};
			name = Debug;
		};
		6B9CB9AE2127EB1E0067FE2B /* Release */ = {
			isa = XCBuildConfiguration;
			buildSettings = {
				ALWAYS_EMBED_SWIFT_STANDARD_LIBRARIES = YES;
				BUNDLE_LOADER = "$(TEST_HOST)";
				CODE_SIGN_STYLE = Automatic;
				INFOPLIST_FILE = unitConverterTests/Info.plist;
				LD_RUNPATH_SEARCH_PATHS = (
					"$(inherited)",
					"@executable_path/Frameworks",
					"@loader_path/Frameworks",
				);
				PRODUCT_BUNDLE_IDENTIFIER = com.nadeeka.unitConverterTests;
				PRODUCT_NAME = "$(TARGET_NAME)";
				SWIFT_VERSION = 4.0;
				TARGETED_DEVICE_FAMILY = "1,2";
				TEST_HOST = "$(BUILT_PRODUCTS_DIR)/unitConverter.app/unitConverter";
			};
			name = Release;
		};
		6B9CB9B02127EB1E0067FE2B /* Debug */ = {
			isa = XCBuildConfiguration;
			buildSettings = {
				ALWAYS_EMBED_SWIFT_STANDARD_LIBRARIES = YES;
				CODE_SIGN_STYLE = Automatic;
				INFOPLIST_FILE = unitConverterUITests/Info.plist;
				LD_RUNPATH_SEARCH_PATHS = (
					"$(inherited)",
					"@executable_path/Frameworks",
					"@loader_path/Frameworks",
				);
				PRODUCT_BUNDLE_IDENTIFIER = com.nadeeka.unitConverterUITests;
				PRODUCT_NAME = "$(TARGET_NAME)";
				SWIFT_VERSION = 4.0;
				TARGETED_DEVICE_FAMILY = "1,2";
				TEST_TARGET_NAME = unitConverter;
			};
			name = Debug;
		};
		6B9CB9B12127EB1E0067FE2B /* Release */ = {
			isa = XCBuildConfiguration;
			buildSettings = {
				ALWAYS_EMBED_SWIFT_STANDARD_LIBRARIES = YES;
				CODE_SIGN_STYLE = Automatic;
				INFOPLIST_FILE = unitConverterUITests/Info.plist;
				LD_RUNPATH_SEARCH_PATHS = (
					"$(inherited)",
					"@executable_path/Frameworks",
					"@loader_path/Frameworks",
				);
				PRODUCT_BUNDLE_IDENTIFIER = com.nadeeka.unitConverterUITests;
				PRODUCT_NAME = "$(TARGET_NAME)";
				SWIFT_VERSION = 4.0;
				TARGETED_DEVICE_FAMILY = "1,2";
				TEST_TARGET_NAME = unitConverter;
			};
			name = Release;
		};
/* End XCBuildConfiguration section */

/* Begin XCConfigurationList section */
		6B9CB97A2127EB070067FE2B /* Build configuration list for PBXProject "unitConverter" */ = {
			isa = XCConfigurationList;
			buildConfigurations = (
				6B9CB9A72127EB1E0067FE2B /* Debug */,
				6B9CB9A82127EB1E0067FE2B /* Release */,
			);
			defaultConfigurationIsVisible = 0;
			defaultConfigurationName = Release;
		};
		6B9CB9A92127EB1E0067FE2B /* Build configuration list for PBXNativeTarget "unitConverter" */ = {
			isa = XCConfigurationList;
			buildConfigurations = (
				6B9CB9AA2127EB1E0067FE2B /* Debug */,
				6B9CB9AB2127EB1E0067FE2B /* Release */,
			);
			defaultConfigurationIsVisible = 0;
			defaultConfigurationName = Release;
		};
		6B9CB9AC2127EB1E0067FE2B /* Build configuration list for PBXNativeTarget "unitConverterTests" */ = {
			isa = XCConfigurationList;
			buildConfigurations = (
				6B9CB9AD2127EB1E0067FE2B /* Debug */,
				6B9CB9AE2127EB1E0067FE2B /* Release */,
			);
			defaultConfigurationIsVisible = 0;
			defaultConfigurationName = Release;
		};
		6B9CB9AF2127EB1E0067FE2B /* Build configuration list for PBXNativeTarget "unitConverterUITests" */ = {
			isa = XCConfigurationList;
			buildConfigurations = (
				6B9CB9B02127EB1E0067FE2B /* Debug */,
				6B9CB9B12127EB1E0067FE2B /* Release */,
			);
			defaultConfigurationIsVisible = 0;
			defaultConfigurationName = Release;
		};
/* End XCConfigurationList section */
	};
	rootObject = 6B9CB9772127EB070067FE2B /* Project object */;
}
